
Microsoft Visual Studio Solution File, Format Version 12.00
# Visual Studio Version 17
VisualStudioVersion = 17.0.32126.317
MinimumVisualStudioVersion = 10.0.40219.1
Project("{FAE04EC0-301F-11D3-BF4B-00C04F79EFBC}") = "WindowsFormsApp8", "WindowsFormsApp8\WindowsFormsApp8.csproj", "{719AA18D-42D2-4186-8E42-F67C5368DEFA}"
EndProject
Global
	GlobalSection(SolutionConfigurationPlatforms) = preSolution
		Debug|Any CPU = Debug|Any CPU
		Release|Any CPU = Release|Any CPU
	EndGlobalSection
	GlobalSection(ProjectConfigurationPlatforms) = postSolution
		{719AA18D-42D2-4186-8E42-F67C5368DEFA}.Debug|Any CPU.ActiveCfg = Debug|Any CPU
		{719AA18D-42D2-4186-8E42-F67C5368DEFA}.Debug|Any CPU.Build.0 = Debug|Any CPU
		{719AA18D-42D2-4186-8E42-F67C5368DEFA}.Release|Any CPU.ActiveCfg = Release|Any CPU
		{719AA18D-42D2-4186-8E42-F67C5368DEFA}.Release|Any CPU.Build.0 = Release|Any CPU
	EndGlobalSection
	GlobalSection(SolutionProperties) = preSolution
		HideSolutionNode = FALSE
	EndGlobalSection
	GlobalSection(ExtensibilityGlobals) = postSolution
		SolutionGuid = {36722482-3917-49F3-82ED-D03EB1BE8C0E}
	EndGlobalSection
EndGlobal
